Microsoft Visual Studio Solution File, Format Version 11.00
# Visual Studio 2010
Project("{FAE04EC0-301F-11D3-BF4B-00C04F79EFBC}") = "Assembly-CSharp", "Assembly-CSharp.csproj", "{68DA8D0A-DCE3-3F0B-5237-06F0F993EAE8}"
EndProject
Project("{FAE04EC0-301F-11D3-BF4B-00C04F79EFBC}") = "Assembly-CSharp-Editor", "Assembly-CSharp-Editor.csproj", "{DA4A5E8F-01FD-C50B-83B2-EE11E5215504}"
EndProject
Global
	GlobalSection(SolutionConfigurationPlatforms) = preSolution
		Debug|Any CPU = Debug|Any CPU
		Release|Any CPU = Release|Any CPU
	EndGlobalSection
	GlobalSection(ProjectConfigurationPlatforms) = postSolution
		{68DA8D0A-DCE3-3F0B-5237-06F0F993EAE8}.Debug|Any CPU.ActiveCfg = Debug|Any CPU
		{68DA8D0A-DCE3-3F0B-5237-06F0F993EAE8}.Debug|Any CPU.Build.0 = Debug|Any CPU
		{68DA8D0A-DCE3-3F0B-5237-06F0F993EAE8}.Release|Any CPU.ActiveCfg = Release|Any CPU
		{68DA8D0A-DCE3-3F0B-5237-06F0F993EAE8}.Release|Any CPU.Build.0 = Release|Any CPU
		{DA4A5E8F-01FD-C50B-83B2-EE11E5215504}.Debug|Any CPU.ActiveCfg = Debug|Any CPU
		{DA4A5E8F-01FD-C50B-83B2-EE11E5215504}.Debug|Any CPU.Build.0 = Debug|Any CPU
		{DA4A5E8F-01FD-C50B-83B2-EE11E5215504}.Release|Any CPU.ActiveCfg = Release|Any CPU
		{DA4A5E8F-01FD-C50B-83B2-EE11E5215504}.Release|Any CPU.Build.0 = Release|Any CPU
	EndGlobalSection
	GlobalSection(SolutionProperties) = preSolution
		HideSolutionNode = FALSE
	EndGlobalSection
	GlobalSection(MonoDevelopProperties) = preSolution
		StartupItem = Assembly-CSharp.csproj
	EndGlobalSection
EndGlobal
