
Microsoft Visual Studio Solution File, Format Version 12.00
# Visual Studio 15
Project("{FAE04EC0-301F-11D3-BF4B-00C04F79EFBC}") = "Assembly-CSharp", "Assembly-CSharp.csproj", "{EA498C47-10DA-9874-0140-D5FE2A1EB912}"
EndProject
Project("{FAE04EC0-301F-11D3-BF4B-00C04F79EFBC}") = "Assembly-CSharp-Editor", "Assembly-CSharp-Editor.csproj", "{5C0B6967-58C3-099A-C73E-02A48C5F17D6}"
EndProject
Global
	GlobalSection(SolutionConfigurationPlatforms) = preSolution
		Debug|Any CPU = Debug|Any CPU
		Release|Any CPU = Release|Any CPU
	EndGlobalSection
	GlobalSection(ProjectConfigurationPlatforms) = postSolution
		{EA498C47-10DA-9874-0140-D5FE2A1EB912}.Debug|Any CPU.ActiveCfg = Debug|Any CPU
		{EA498C47-10DA-9874-0140-D5FE2A1EB912}.Debug|Any CPU.Build.0 = Debug|Any CPU
		{EA498C47-10DA-9874-0140-D5FE2A1EB912}.Release|Any CPU.ActiveCfg = Release|Any CPU
		{EA498C47-10DA-9874-0140-D5FE2A1EB912}.Release|Any CPU.Build.0 = Release|Any CPU
		{5C0B6967-58C3-099A-C73E-02A48C5F17D6}.Debug|Any CPU.ActiveCfg = Debug|Any CPU
		{5C0B6967-58C3-099A-C73E-02A48C5F17D6}.Debug|Any CPU.Build.0 = Debug|Any CPU
		{5C0B6967-58C3-099A-C73E-02A48C5F17D6}.Release|Any CPU.ActiveCfg = Release|Any CPU
		{5C0B6967-58C3-099A-C73E-02A48C5F17D6}.Release|Any CPU.Build.0 = Release|Any CPU
	EndGlobalSection
	GlobalSection(SolutionProperties) = preSolution
		HideSolutionNode = FALSE
	EndGlobalSection
EndGlobal
